{
  "nodes": {
    "agent-skills": {
      "inputs": {
        "home-manager": "home-manager",
        "nixpkgs": [
          "nixpkgs"
        ]
      },
      "locked": {
        "lastModified": 1769944375,
        "narHash": "sha256-TmTyQvFz8rNCwN8MQZGFtgFGdJANF6P6nbxVOjQvpME=",
        "owner": "Kyure-A",
        "repo": "agent-skills-nix",
        "rev": "bb2fc09cd0152867bd548422e66f4738b081d719",
        "type": "github"
      },
      "original": {
        "owner": "Kyure-A",
        "repo": "agent-skills-nix",
        "type": "github"
      }
    },
    "anthropic-skills": {
      "flake": false,
      "locked": {
        "lastModified": 1766254184,
        "narHash": "sha256-pllFZoWRdtLliz/5pLWks0V9nKFMzeWoRcmFgu2UWi8=",
        "owner": "anthropics",
        "repo": "skills",
        "rev": "69c0b1a0674149f27b61b2635f935524b6add202",
        "type": "github"
      },
      "original": {
        "owner": "anthropics",
        "repo": "skills",
        "type": "github"
      }
    },
    "crane": {
      "locked": {
        "lastModified": 1766774972,
        "narHash": "sha256-8qxEFpj4dVmIuPn9j9z6NTbU+hrcGjBOvaxTzre5HmM=",
        "owner": "ipetkov",
        "repo": "crane",
        "rev": "01bc1d404a51a0a07e9d8759cd50a7903e218c82",
        "type": "github"
      },
      "original": {
        "owner": "ipetkov",
        "repo": "crane",
        "type": "github"
      }
    },
    "flake-parts": {
      "inputs": {
        "nixpkgs-lib": "nixpkgs-lib"
      },
      "locked": {
        "lastModified": 1765835352,
        "narHash": "sha256-XswHlK/Qtjasvhd1nOa1e8MgZ8GS//jBoTqWtrS1Giw=",
        "owner": "hercules-ci",
        "repo": "flake-parts",
        "rev": "a34fae9c08a15ad73f295041fec82323541400a9",
        "type": "github"
      },
      "original": {
        "owner": "hercules-ci",
        "repo": "flake-parts",
        "type": "github"
      }
    },
    "home-manager": {
      "inputs": {
        "nixpkgs": [
          "agent-skills",
          "nixpkgs"
        ]
      },
      "locked": {
        "lastModified": 1766387499,
        "narHash": "sha256-AjK3/UKDzeXFeYNLVBaJ3+HLE9he1g5UrlNd4/BM3eA=",
        "owner": "nix-community",
        "repo": "home-manager",
        "rev": "527ad07e6625302b648ed3b28c34b62a79bd103e",
        "type": "github"
      },
      "original": {
        "owner": "nix-community",
        "repo": "home-manager",
        "type": "github"
      }
    },
    "home-manager_2": {
      "inputs": {
        "nixpkgs": [
          "nixpkgs"
        ]
      },
      "locked": {
        "lastModified": 1768997641,
        "narHash": "sha256-7vT8oS6ra/dJaZ6ShvZiPtlZ40XI7CTSb2PmuNPMiXE=",
        "owner": "nix-community",
        "repo": "home-manager",
        "rev": "27b60942b7285824937f8c2c05021370f6fc5904",
        "type": "github"
      },
      "original": {
        "owner": "nix-community",
        "repo": "home-manager",
        "type": "github"
      }
    },
    "inir": {
      "flake": false,
      "locked": {
        "lastModified": 1769039744,
        "narHash": "sha256-gwk9RTkFyoug9tUjTUewMh+Y2L+aAri6gXARU6mf6NY=",
        "owner": "snowarch",
        "repo": "iNiR",
        "rev": "cd81f2368e11d6b03d2d61e2da5102b719e71edd",
        "type": "github"
      },
      "original": {
        "owner": "snowarch",
        "repo": "iNiR",
        "type": "github"
      }
    },
    "nixpkgs": {
      "locked": {
        "lastModified": 1768886240,
        "narHash": "sha256-C2TjvwYZ2VDxYWeqvvJ5XPPp6U7H66zeJlRaErJKoEM=",
        "owner": "nixos",
        "repo": "nixpkgs",
        "rev": "80e4adbcf8992d3fd27ad4964fbb84907f9478b0",
        "type": "github"
      },
      "original": {
        "owner": "nixos",
        "ref": "nixos-unstable",
        "repo": "nixpkgs",
        "type": "github"
      }
    },
    "nixpkgs-lib": {
      "locked": {
        "lastModified": 1765674936,
        "narHash": "sha256-k00uTP4JNfmejrCLJOwdObYC9jHRrr/5M/a/8L2EIdo=",
        "owner": "nix-community",
        "repo": "nixpkgs.lib",
        "rev": "2075416fcb47225d9b68ac469a5c4801a9c4dd85",
        "type": "github"
      },
      "original": {
        "owner": "nix-community",
        "repo": "nixpkgs.lib",
        "type": "github"
      }
    },
    "nixpkgs_2": {
      "locked": {
        "lastModified": 1767026758,
        "narHash": "sha256-7fsac/f7nh/VaKJ/qm3I338+wAJa/3J57cOGpXi0Sbg=",
        "owner": "NixOS",
        "repo": "nixpkgs",
        "rev": "346dd96ad74dc4457a9db9de4f4f57dab2e5731d",
        "type": "github"
      },
      "original": {
        "owner": "NixOS",
        "ref": "nixpkgs-unstable",
        "repo": "nixpkgs",
        "type": "github"
      }
    },
    "noctalia-shell": {
      "inputs": {
        "nixpkgs": [
          "nixpkgs"
        ]
      },
      "locked": {
        "lastModified": 1769005128,
        "narHash": "sha256-RdsUaP5E/0eaGYr3j6Y1bVsrGyVYMjxHEQOyMN/VGY4=",
        "owner": "noctalia-dev",
        "repo": "noctalia-shell",
        "rev": "b3f85820cd790ec9a6f814e368b963009514d788",
        "type": "github"
      },
      "original": {
        "owner": "noctalia-dev",
        "repo": "noctalia-shell",
        "type": "github"
      }
    },
    "root": {
      "inputs": {
        "agent-skills": "agent-skills",
        "anthropic-skills": "anthropic-skills",
        "home-manager": "home-manager_2",
        "inir": "inir",
        "nixpkgs": "nixpkgs",
        "noctalia-shell": "noctalia-shell",
        "slash-criticalthink": "slash-criticalthink",
        "xremap-flake": "xremap-flake",
        "zen-browser": "zen-browser"
      }
    },
    "slash-criticalthink": {
      "flake": false,
      "locked": {
        "lastModified": 1760141776,
        "narHash": "sha256-D+AjpVnxYnNJ6joA1Ex3uEyDGACEOhkox+LArRzP9fc=",
        "owner": "abagames",
        "repo": "slash-criticalthink",
        "rev": "049ea25e5188515c6f76bd0432d44cbef49c0357",
        "type": "github"
      },
      "original": {
        "owner": "abagames",
        "repo": "slash-criticalthink",
        "type": "github"
      }
    },
    "xremap": {
      "flake": false,
      "locked": {
        "lastModified": 1766606475,
        "narHash": "sha256-FPZ4iQA/vVZGzbO8i8lTK8i9A3zs9BLqMvTMeAVv9rQ=",
        "owner": "k0kubun",
        "repo": "xremap",
        "rev": "cdc744d873c19899ef21f329c4305b4b5e53d459",
        "type": "github"
      },
      "original": {
        "owner": "k0kubun",
        "ref": "v0.14.8",
        "repo": "xremap",
        "type": "github"
      }
    },
    "xremap-flake": {
      "inputs": {
        "crane": "crane",
        "flake-parts": "flake-parts",
        "nixpkgs": "nixpkgs_2",
        "xremap": "xremap"
      },
      "locked": {
        "lastModified": 1767318478,
        "narHash": "sha256-h3oE50RedA8DRGrFU+Hv2kirt4rmzdaC9oSD+MSg9Ms=",
        "owner": "xremap",
        "repo": "nix-flake",
        "rev": "9a2224aa01a3c86e94b398c33329c8ff6496dc5d",
        "type": "github"
      },
      "original": {
        "owner": "xremap",
        "repo": "nix-flake",
        "type": "github"
      }
    },
    "zen-browser": {
      "inputs": {
        "nixpkgs": [
          "nixpkgs"
        ]
      },
      "locked": {
        "lastModified": 1767618227,
        "narHash": "sha256-9+XVF47E9NCVs249SSsDtr7YdG/23/lCJmWAjQvOfqI=",
        "owner": "youwen5",
        "repo": "zen-browser-flake",
        "rev": "1586e49b3908b058e221f11d843eb46392dba17b",
        "type": "github"
      },
      "original": {
        "owner": "youwen5",
        "repo": "zen-browser-flake",
        "type": "github"
      }
    }
  },
  "root": "root",
  "version": 7
}
